
Microsoft Visual Studio Solution File, Format Version 12.00
# Visual Studio Version 17
VisualStudioVersion = 17.4.33205.214
MinimumVisualStudioVersion = 10.0.40219.1
Project("{FAE04EC0-301F-11D3-BF4B-00C04F79EFBC}") = "AppWithPlugins.Cli", "AppWithPlugins.Cli\AppWithPlugins.Cli.csproj", "{649CD107-BADB-4F82-9C52-E3BFA028B456}"
EndProject
Project("{FAE04EC0-301F-11D3-BF4B-00C04F79EFBC}") = "AppWithPlugins.Plugins.Contracts", "AppWithPlugins.Plugins.Contracts\AppWithPlugins.Plugins.Contracts.csproj", "{CE3AE276-1577-4AC4-B930-4C544A377A1D}"
EndProject
Project("{FAE04EC0-301F-11D3-BF4B-00C04F79EFBC}") = "AppWithPlugins.Plugin.Adder", "AppWithPlugins.Plugin.Adder\AppWithPlugins.Plugin.Adder.csproj", "{56630AA5-A628-47AA-AA59-0988F007FB8B}"
EndProject
Global
	GlobalSection(SolutionConfigurationPlatforms) = preSolution
		Debug|Any CPU = Debug|Any CPU
		Release|Any CPU = Release|Any CPU
	EndGlobalSection
	GlobalSection(ProjectConfigurationPlatforms) = postSolution
		{649CD107-BADB-4F82-9C52-E3BFA028B456}.Debug|Any CPU.ActiveCfg = Debug|Any CPU
		{649CD107-BADB-4F82-9C52-E3BFA028B456}.Debug|Any CPU.Build.0 = Debug|Any CPU
		{649CD107-BADB-4F82-9C52-E3BFA028B456}.Release|Any CPU.ActiveCfg = Release|Any CPU
		{649CD107-BADB-4F82-9C52-E3BFA028B456}.Release|Any CPU.Build.0 = Release|Any CPU
		{CE3AE276-1577-4AC4-B930-4C544A377A1D}.Debug|Any CPU.ActiveCfg = Debug|Any CPU
		{CE3AE276-1577-4AC4-B930-4C544A377A1D}.Debug|Any CPU.Build.0 = Debug|Any CPU
		{CE3AE276-1577-4AC4-B930-4C544A377A1D}.Release|Any CPU.ActiveCfg = Release|Any CPU
		{CE3AE276-1577-4AC4-B930-4C544A377A1D}.Release|Any CPU.Build.0 = Release|Any CPU
		{56630AA5-A628-47AA-AA59-0988F007FB8B}.Debug|Any CPU.ActiveCfg = Debug|Any CPU
		{56630AA5-A628-47AA-AA59-0988F007FB8B}.Debug|Any CPU.Build.0 = Debug|Any CPU
		{56630AA5-A628-47AA-AA59-0988F007FB8B}.Release|Any CPU.ActiveCfg = Release|Any CPU
		{56630AA5-A628-47AA-AA59-0988F007FB8B}.Release|Any CPU.Build.0 = Release|Any CPU
	EndGlobalSection
	GlobalSection(SolutionProperties) = preSolution
		HideSolutionNode = FALSE
	EndGlobalSection
	GlobalSection(ExtensibilityGlobals) = postSolution
		SolutionGuid = {71AE91D4-961F-4EE6-A90F-9D7CEF9E919D}
	EndGlobalSection
EndGlobal
